
Microsoft Visual Studio Solution File, Format Version 12.00
# Visual Studio Version 17
VisualStudioVersion = 17.8.34525.116
MinimumVisualStudioVersion = 10.0.40219.1
Project("{FAE04EC0-301F-11D3-BF4B-00C04F79EFBC}") = "Prueba.Api", "Prueba.Api\Prueba.Api.csproj", "{5C890FF5-3682-434D-AA34-FE918F2B2EFE}"
EndProject
Project("{FAE04EC0-301F-11D3-BF4B-00C04F79EFBC}") = "Prueba.Application", "Prueba.Application\Prueba.Application.csproj", "{93369076-9BB1-4991-A3A5-4AE0E1CF3D61}"
EndProject
Project("{FAE04EC0-301F-11D3-BF4B-00C04F79EFBC}") = "Prueba.Domain", "Prueba.Domain\Prueba.Domain.csproj", "{8BE5EC41-5911-4EFA-B29E-ECE04F3B1FC0}"
EndProject
Project("{FAE04EC0-301F-11D3-BF4B-00C04F79EFBC}") = "Prueba.Infrastructure", "Prueba.Infrastructure\Prueba.Infrastructure.csproj", "{5CF64A51-C66E-47F5-ACA4-61B21E2C051F}"
EndProject
Global
	GlobalSection(SolutionConfigurationPlatforms) = preSolution
		Debug|Any CPU = Debug|Any CPU
		Release|Any CPU = Release|Any CPU
	EndGlobalSection
	GlobalSection(ProjectConfigurationPlatforms) = postSolution
		{5C890FF5-3682-434D-AA34-FE918F2B2EFE}.Debug|Any CPU.ActiveCfg = Debug|Any CPU
		{5C890FF5-3682-434D-AA34-FE918F2B2EFE}.Debug|Any CPU.Build.0 = Debug|Any CPU
		{5C890FF5-3682-434D-AA34-FE918F2B2EFE}.Release|Any CPU.ActiveCfg = Release|Any CPU
		{5C890FF5-3682-434D-AA34-FE918F2B2EFE}.Release|Any CPU.Build.0 = Release|Any CPU
		{93369076-9BB1-4991-A3A5-4AE0E1CF3D61}.Debug|Any CPU.ActiveCfg = Debug|Any CPU
		{93369076-9BB1-4991-A3A5-4AE0E1CF3D61}.Debug|Any CPU.Build.0 = Debug|Any CPU
		{93369076-9BB1-4991-A3A5-4AE0E1CF3D61}.Release|Any CPU.ActiveCfg = Release|Any CPU
		{93369076-9BB1-4991-A3A5-4AE0E1CF3D61}.Release|Any CPU.Build.0 = Release|Any CPU
		{8BE5EC41-5911-4EFA-B29E-ECE04F3B1FC0}.Debug|Any CPU.ActiveCfg = Debug|Any CPU
		{8BE5EC41-5911-4EFA-B29E-ECE04F3B1FC0}.Debug|Any CPU.Build.0 = Debug|Any CPU
		{8BE5EC41-5911-4EFA-B29E-ECE04F3B1FC0}.Release|Any CPU.ActiveCfg = Release|Any CPU
		{8BE5EC41-5911-4EFA-B29E-ECE04F3B1FC0}.Release|Any CPU.Build.0 = Release|Any CPU
		{5CF64A51-C66E-47F5-ACA4-61B21E2C051F}.Debug|Any CPU.ActiveCfg = Debug|Any CPU
		{5CF64A51-C66E-47F5-ACA4-61B21E2C051F}.Debug|Any CPU.Build.0 = Debug|Any CPU
		{5CF64A51-C66E-47F5-ACA4-61B21E2C051F}.Release|Any CPU.ActiveCfg = Release|Any CPU
		{5CF64A51-C66E-47F5-ACA4-61B21E2C051F}.Release|Any CPU.Build.0 = Release|Any CPU
	EndGlobalSection
	GlobalSection(SolutionProperties) = preSolution
		HideSolutionNode = FALSE
	EndGlobalSection
	GlobalSection(ExtensibilityGlobals) = postSolution
		SolutionGuid = {2790CBD4-D233-4643-AD26-E279E30FDDB1}
	EndGlobalSection
EndGlobal
